// !$*UTF8*$!
{
	archiveVersion = 1;
	classes = {
	};
	objectVersion = 48;
	objects = {

/* Begin PBXBuildFile section */
		4B72DE5C20A9EDB40027F576 /* AppDelegate.swift in Sources */ = {isa = PBXBuildFile; fileRef = 4B72DE5B20A9EDB40027F576 /* AppDelegate.swift */; };
		4B72DE5E20A9EDB40027F576 /* ViewController.swift in Sources */ = {isa = PBXBuildFile; fileRef = 4B72DE5D20A9EDB40027F576 /* ViewController.swift */; };
		4B72DE6120A9EDB40027F576 /* Main.storyboard in Resources */ = {isa = PBXBuildFile; fileRef = 4B72DE5F20A9EDB40027F576 /* Main.storyboard */; };
		4B72DE6320A9EDB40027F576 /* Assets.xcassets in Resources */ = {isa = PBXBuildFile; fileRef = 4B72DE6220A9EDB40027F576 /* Assets.xcassets */; };
		4B72DE6620A9EDB40027F576 /* LaunchScreen.storyboard in Resources */ = {isa = PBXBuildFile; fileRef = 4B72DE6420A9EDB40027F576 /* LaunchScreen.storyboard */; };
		4B72DE7120A9EDB40027F576 /* TestAppTests.swift in Sources */ = {isa = PBXBuildFile; fileRef = 4B72DE7020A9EDB40027F576 /* TestAppTests.swift */; };
		4B72DE7C20A9EDB40027F576 /* TestAppUITests.swift in Sources */ = {isa = PBXBuildFile; fileRef = 4B72DE7B20A9EDB40027F576 /* TestAppUITests.swift */; };
		4B72DE8A20A9FB450027F576 /* SecondViewController.swift in Sources */ = {isa = PBXBuildFile; fileRef = 4B72DE8920A9FB450027F576 /* SecondViewController.swift */; };
/* End PBXBuildFile section */

/* Begin PBXContainerItemProxy section */
		4B72DE6D20A9EDB40027F576 /* PBXContainerItemProxy */ = {
			isa = PBXContainerItemProxy;
			containerPortal = 4B72DE5020A9EDB40027F576 /* Project object */;
			proxyType = 1;
			remoteGlobalIDString = 4B72DE5720A9EDB40027F576;
			remoteInfo = TestApp;
		};
		4B72DE7820A9EDB40027F576 /* PBXContainerItemProxy */ = {
			isa = PBXContainerItemProxy;
			containerPortal = 4B72DE5020A9EDB40027F576 /* Project object */;
			proxyType = 1;
			remoteGlobalIDString = 4B72DE5720A9EDB40027F576;
			remoteInfo = TestApp;
		};
/* End PBXContainerItemProxy section */

/* Begin PBXFileReference section */
		4B72DE5820A9EDB40027F576 /* TestApp.app */ = {isa = PBXFileReference; explicitFileType = wrapper.application; includeInIndex = 0; path = TestApp.app; sourceTree = BUILT_PRODUCTS_DIR; };
		4B72DE5B20A9EDB40027F576 /* AppDelegate.swift */ = {isa = PBXFileReference; lastKnownFileType = sourcecode.swift; path = AppDelegate.swift; sourceTree = "<group>"; };
		4B72DE5D20A9EDB40027F576 /* ViewController.swift */ = {isa = PBXFileReference; lastKnownFileType = sourcecode.swift; path = ViewController.swift; sourceTree = "<group>"; };
		4B72DE6020A9EDB40027F576 /* Base */ = {isa = PBXFileReference; lastKnownFileType = file.storyboard; name = Base; path = Base.lproj/Main.storyboard; sourceTree = "<group>"; };
		4B72DE6220A9EDB40027F576 /* Assets.xcassets */ = {isa = PBXFileReference; lastKnownFileType = folder.assetcatalog; path = Assets.xcassets; sourceTree = "<group>"; };
		4B72DE6520A9EDB40027F576 /* Base */ = {isa = PBXFileReference; lastKnownFileType = file.storyboard; name = Base; path = Base.lproj/LaunchScreen.storyboard; sourceTree = "<group>"; };
		4B72DE6720A9EDB40027F576 /* Info.plist */ = {isa = PBXFileReference; lastKnownFileType = text.plist.xml; path = Info.plist; sourceTree = "<group>"; };
		4B72DE6C20A9EDB40027F576 /* TestAppTests.xctest */ = {isa = PBXFileReference; explicitFileType = wrapper.cfbundle; includeInIndex = 0; path = TestAppTests.xctest; sourceTree = BUILT_PRODUCTS_DIR; };
		4B72DE7020A9EDB40027F576 /* TestAppTests.swift */ = {isa = PBXFileReference; lastKnownFileType = sourcecode.swift; path = TestAppTests.swift; sourceTree = "<group>"; };
		4B72DE7220A9EDB40027F576 /* Info.plist */ = {isa = PBXFileReference; lastKnownFileType = text.plist.xml; path = Info.plist; sourceTree = "<group>"; };
		4B72DE7720A9EDB40027F576 /* TestAppUITests.xctest */ = {isa = PBXFileReference; explicitFileType = wrapper.cfbundle; includeInIndex = 0; path = TestAppUITests.xctest; sourceTree = BUILT_PRODUCTS_DIR; };
		4B72DE7B20A9EDB40027F576 /* TestAppUITests.swift */ = {isa = PBXFileReference; lastKnownFileType = sourcecode.swift; path = TestAppUITests.swift; sourceTree = "<group>"; };
		4B72DE7D20A9EDB40027F576 /* Info.plist */ = {isa = PBXFileReference; lastKnownFileType = text.plist.xml; path = Info.plist; sourceTree = "<group>"; };
		4B72DE8920A9FB450027F576 /* SecondViewController.swift */ = {isa = PBXFileReference; lastKnownFileType = sourcecode.swift; path = SecondViewController.swift; sourceTree = "<group>"; };
/* End PBXFileReference section */

/* Begin PBXFrameworksBuildPhase section */
		4B72DE5520A9EDB40027F576 /* Frameworks */ = {
			isa = PBXFrameworksBuildPhase;
			buildActionMask = 2147483647;
			files = (
			);
			runOnlyForDeploymentPostprocessing = 0;
		};
		4B72DE6920A9EDB40027F576 /* Frameworks */ = {
			isa = PBXFrameworksBuildPhase;
			buildActionMask = 2147483647;
			files = (
			);
			runOnlyForDeploymentPostprocessing = 0;
		};
		4B72DE7420A9EDB40027F576 /* Frameworks */ = {
			isa = PBXFrameworksBuildPhase;
			buildActionMask = 2147483647;
			files = (
			);
			runOnlyForDeploymentPostprocessing = 0;
		};
/* End PBXFrameworksBuildPhase section */

/* Begin PBXGroup section */
		4B72DE4F20A9EDB40027F576 = {
			isa = PBXGroup;
			children = (
				4B72DE5A20A9EDB40027F576 /* TestApp */,
				4B72DE6F20A9EDB40027F576 /* TestAppTests */,
				4B72DE7A20A9EDB40027F576 /* TestAppUITests */,
				4B72DE5920A9EDB40027F576 /* Products */,
			);
			sourceTree = "<group>";
		};
		4B72DE5920A9EDB40027F576 /* Products */ = {
			isa = PBXGroup;
			children = (
				4B72DE5820A9EDB40027F576 /* TestApp.app */,
				4B72DE6C20A9EDB40027F576 /* TestAppTests.xctest */,
				4B72DE7720A9EDB40027F576 /* TestAppUITests.xctest */,
			);
			name = Products;
			sourceTree = "<group>";
		};
		4B72DE5A20A9EDB40027F576 /* TestApp */ = {
			isa = PBXGroup;
			children = (
				4B72DE5B20A9EDB40027F576 /* AppDelegate.swift */,
				4B72DE5D20A9EDB40027F576 /* ViewController.swift */,
				4B72DE8920A9FB450027F576 /* SecondViewController.swift */,
				4B72DE5F20A9EDB40027F576 /* Main.storyboard */,
				4B72DE6220A9EDB40027F576 /* Assets.xcassets */,
				4B72DE6420A9EDB40027F576 /* LaunchScreen.storyboard */,
				4B72DE6720A9EDB40027F576 /* Info.plist */,
			);
			path = TestApp;
			sourceTree = "<group>";
		};
		4B72DE6F20A9EDB40027F576 /* TestAppTests */ = {
			isa = PBXGroup;
			children = (
				4B72DE7020A9EDB40027F576 /* TestAppTests.swift */,
				4B72DE7220A9EDB40027F576 /* Info.plist */,
			);
			path = TestAppTests;
			sourceTree = "<group>";
		};
		4B72DE7A20A9EDB40027F576 /* TestAppUITests */ = {
			isa = PBXGroup;
			children = (
				4B72DE7B20A9EDB40027F576 /* TestAppUITests.swift */,
				4B72DE7D20A9EDB40027F576 /* Info.plist */,
			);
			path = TestAppUITests;
			sourceTree = "<group>";
		};
/* End PBXGroup section */

/* Begin PBXNativeTarget section */
		4B72DE5720A9EDB40027F576 /* TestApp */ = {
			isa = PBXNativeTarget;
			buildConfigurationList = 4B72DE8020A9EDB40027F576 /* Build configuration list for PBXNativeTarget "TestApp" */;
			buildPhases = (
				4B72DE5420A9EDB40027F576 /* Sources */,
				4B72DE5520A9EDB40027F576 /* Frameworks */,
				4B72DE5620A9EDB40027F576 /* Resources */,
			);
			buildRules = (
			);
			dependencies = (
			);
			name = TestApp;
			productName = TestApp;
			productReference = 4B72DE5820A9EDB40027F576 /* TestApp.app */;
			productType = "com.apple.product-type.application";
		};
		4B72DE6B20A9EDB40027F576 /* TestAppTests */ = {
			isa = PBXNativeTarget;
			buildConfigurationList = 4B72DE8320A9EDB40027F576 /* Build configuration list for PBXNativeTarget "TestAppTests" */;
			buildPhases = (
				4B72DE6820A9EDB40027F576 /* Sources */,
				4B72DE6920A9EDB40027F576 /* Frameworks */,
				4B72DE6A20A9EDB40027F576 /* Resources */,
			);
			buildRules = (
			);
			dependencies = (
				4B72DE6E20A9EDB40027F576 /* PBXTargetDependency */,
			);
			name = TestAppTests;
			productName = TestAppTests;
			productReference = 4B72DE6C20A9EDB40027F576 /* TestAppTests.xctest */;
			productType = "com.apple.product-type.bundle.unit-test";
		};
		4B72DE7620A9EDB40027F576 /* TestAppUITests */ = {
			isa = PBXNativeTarget;
			buildConfigurationList = 4B72DE8620A9EDB40027F576 /* Build configuration list for PBXNativeTarget "TestAppUITests" */;
			buildPhases = (
				4B72DE7320A9EDB40027F576 /* Sources */,
				4B72DE7420A9EDB40027F576 /* Frameworks */,
				4B72DE7520A9EDB40027F576 /* Resources */,
			);
			buildRules = (
			);
			dependencies = (
				4B72DE7920A9EDB40027F576 /* PBXTargetDependency */,
			);
			name = TestAppUITests;
			productName = TestAppUITests;
			productReference = 4B72DE7720A9EDB40027F576 /* TestAppUITests.xctest */;
			productType = "com.apple.product-type.bundle.ui-testing";
		};
/* End PBXNativeTarget section */

/* Begin PBXProject section */
		4B72DE5020A9EDB40027F576 /* Project object */ = {
			isa = PBXProject;
			attributes = {
				LastSwiftUpdateCheck = 0920;
				LastUpgradeCheck = 0920;
				ORGANIZATIONNAME = "Yoichi Watanabe";
				TargetAttributes = {
					4B72DE5720A9EDB40027F576 = {
						CreatedOnToolsVersion = 9.2;
						ProvisioningStyle = Automatic;
					};
					4B72DE6B20A9EDB40027F576 = {
						CreatedOnToolsVersion = 9.2;
						ProvisioningStyle = Automatic;
						TestTargetID = 4B72DE5720A9EDB40027F576;
					};
					4B72DE7620A9EDB40027F576 = {
						CreatedOnToolsVersion = 9.2;
						ProvisioningStyle = Automatic;
						TestTargetID = 4B72DE5720A9EDB40027F576;
					};
				};
			};
			buildConfigurationList = 4B72DE5320A9EDB40027F576 /* Build configuration list for PBXProject "TestApp" */;
			compatibilityVersion = "Xcode 8.0";
			developmentRegion = en;
			hasScannedForEncodings = 0;
			knownRegions = (
				en,
				Base,
			);
			mainGroup = 4B72DE4F20A9EDB40027F576;
			productRefGroup = 4B72DE5920A9EDB40027F576 /* Products */;
			projectDirPath = "";
			projectRoot = "";
			targets = (
				4B72DE5720A9EDB40027F576 /* TestApp */,
				4B72DE6B20A9EDB40027F576 /* TestAppTests */,
				4B72DE7620A9EDB40027F576 /* TestAppUITests */,
			);
		};
/* End PBXProject section */

/* Begin PBXResourcesBuildPhase section */
		4B72DE5620A9EDB40027F576 /* Resources */ = {
			isa = PBXResourcesBuildPhase;
			buildActionMask = 2147483647;
			files = (
				4B72DE6620A9EDB40027F576 /* LaunchScreen.storyboard in Resources */,
				4B72DE6320A9EDB40027F576 /* Assets.xcassets in Resources */,
				4B72DE6120A9EDB40027F576 /* Main.storyboard in Resources */,
			);
			runOnlyForDeploymentPostprocessing = 0;
		};
		4B72DE6A20A9EDB40027F576 /* Resources */ = {
			isa = PBXResourcesBuildPhase;
			buildActionMask = 2147483647;
			files = (
			);
			runOnlyForDeploymentPostprocessing = 0;
		};
		4B72DE7520A9EDB40027F576 /* Resources */ = {
			isa = PBXResourcesBuildPhase;
			buildActionMask = 2147483647;
			files = (
			);
			runOnlyForDeploymentPostprocessing = 0;
		};
/* End PBXResourcesBuildPhase section */

/* Begin PBXSourcesBuildPhase section */
		4B72DE5420A9EDB40027F576 /* Sources */ = {
			isa = PBXSourcesBuildPhase;
			buildActionMask = 2147483647;
			files = (
				4B72DE8A20A9FB450027F576 /* SecondViewController.swift in Sources */,
				4B72DE5E20A9EDB40027F576 /* ViewController.swift in Sources */,
				4B72DE5C20A9EDB40027F576 /* AppDelegate.swift in Sources */,
			);
			runOnlyForDeploymentPostprocessing = 0;
		};
		4B72DE6820A9EDB40027F576 /* Sources */ = {
			isa = PBXSourcesBuildPhase;
			buildActionMask = 2147483647;
			files = (
				4B72DE7120A9EDB40027F576 /* TestAppTests.swift in Sources */,
			);
			runOnlyForDeploymentPostprocessing = 0;
		};
		4B72DE7320A9EDB40027F576 /* Sources */ = {
			isa = PBXSourcesBuildPhase;
			buildActionMask = 2147483647;
			files = (
				4B72DE7C20A9EDB40027F576 /* TestAppUITests.swift in Sources */,
			);
			runOnlyForDeploymentPostprocessing = 0;
		};
/* End PBXSourcesBuildPhase section */

/* Begin PBXTargetDependency section */
		4B72DE6E20A9EDB40027F576 /* PBXTargetDependency */ = {
			isa = PBXTargetDependency;
			target = 4B72DE5720A9EDB40027F576 /* TestApp */;
			targetProxy = 4B72DE6D20A9EDB40027F576 /* PBXContainerItemProxy */;
		};
		4B72DE7920A9EDB40027F576 /* PBXTargetDependency */ = {
			isa = PBXTargetDependency;
			target = 4B72DE5720A9EDB40027F576 /* TestApp */;
			targetProxy = 4B72DE7820A9EDB40027F576 /* PBXContainerItemProxy */;
		};
/* End PBXTargetDependency section */

/* Begin PBXVariantGroup section */
		4B72DE5F20A9EDB40027F576 /* Main.storyboard */ = {
			isa = PBXVariantGroup;
			children = (
				4B72DE6020A9EDB40027F576 /* Base */,
			);
			name = Main.storyboard;
			sourceTree = "<group>";
		};
		4B72DE6420A9EDB40027F576 /* LaunchScreen.storyboard */ = {
			isa = PBXVariantGroup;
			children = (
				4B72DE6520A9EDB40027F576 /* Base */,
			);
			name = LaunchScreen.storyboard;
			sourceTree = "<group>";
		};
/* End PBXVariantGroup section */

/* Begin XCBuildConfiguration section */
		4B72DE7E20A9EDB40027F576 /* Debug */ = {
			isa = XCBuildConfiguration;
			buildSettings = {
				ALWAYS_SEARCH_USER_PATHS = NO;
				CLANG_ANALYZER_NONNULL = YES;
				CLANG_ANALYZER_NUMBER_OBJECT_CONVERSION = YES_AGGRESSIVE;
				CLANG_CXX_LANGUAGE_STANDARD = "gnu++14";
				CLANG_CXX_LIBRARY = "libc++";
				CLANG_ENABLE_MODULES = YES;
				CLANG_ENABLE_OBJC_ARC = YES;
				CLANG_WARN_BLOCK_CAPTURE_AUTORELEASING = YES;
				CLANG_WARN_BOOL_CONVERSION = YES;
				CLANG_WARN_COMMA = YES;
				CLANG_WARN_CONSTANT_CONVERSION = YES;
				CLANG_WARN_DIRECT_OBJC_ISA_USAGE = YES_ERROR;
				CLANG_WARN_DOCUMENTATION_COMMENTS = YES;
				CLANG_WARN_EMPTY_BODY = YES;
				CLANG_WARN_ENUM_CONVERSION = YES;
				CLANG_WARN_INFINITE_RECURSION = YES;
				CLANG_WARN_INT_CONVERSION = YES;
				CLANG_WARN_NON_LITERAL_NULL_CONVERSION = YES;
				CLANG_WARN_OBJC_LITERAL_CONVERSION = YES;
				CLANG_WARN_OBJC_ROOT_CLASS = YES_ERROR;
				CLANG_WARN_RANGE_LOOP_ANALYSIS = YES;
				CLANG_WARN_STRICT_PROTOTYPES = YES;
				CLANG_WARN_SUSPICIOUS_MOVE = YES;
				CLANG_WARN_UNGUARDED_AVAILABILITY = YES_AGGRESSIVE;
				CLANG_WARN_UNREACHABLE_CODE = YES;
				CLANG_WARN__DUPLICATE_METHOD_MATCH = YES;
				CODE_SIGN_IDENTITY = "iPhone Developer";
				COPY_PHASE_STRIP = NO;
				DEBUG_INFORMATION_FORMAT = dwarf;
				ENABLE_STRICT_OBJC_MSGSEND = YES;
				ENABLE_TESTABILITY = YES;
				GCC_C_LANGUAGE_STANDARD = gnu11;
				GCC_DYNAMIC_NO_PIC = NO;
				GCC_NO_COMMON_BLOCKS = YES;
				GCC_OPTIMIZATION_LEVEL = 0;
				GCC_PREPROCESSOR_DEFINITIONS = (
					"DEBUG=1",
					"$(inherited)",
				);
				GCC_WARN_64_TO_32_BIT_CONVERSION = YES;
				GCC_WARN_ABOUT_RETURN_TYPE = YES_ERROR;
				GCC_WARN_UNDECLARED_SELECTOR = YES;
				GCC_WARN_UNINITIALIZED_AUTOS = YES_AGGRESSIVE;
				GCC_WARN_UNUSED_FUNCTION = YES;
				GCC_WARN_UNUSED_VARIABLE = YES;
				IPHONEOS_DEPLOYMENT_TARGET = 11.2;
				MTL_ENABLE_DEBUG_INFO = YES;
				ONLY_ACTIVE_ARCH = YES;
				SDKROOT = iphoneos;
				SWIFT_ACTIVE_COMPILATION_CONDITIONS = DEBUG;
				SWIFT_OPTIMIZATION_LEVEL = "-Onone";
			};
			name = Debug;
		};
		4B72DE7F20A9EDB40027F576 /* Release */ = {
			isa = XCBuildConfiguration;
			buildSettings = {
				ALWAYS_SEARCH_USER_PATHS = NO;
				CLANG_ANALYZER_NONNULL = YES;
				CLANG_ANALYZER_NUMBER_OBJECT_CONVERSION = YES_AGGRESSIVE;
				CLANG_CXX_LANGUAGE_STANDARD = "gnu++14";
				CLANG_CXX_LIBRARY = "libc++";
				CLANG_ENABLE_MODULES = YES;
				CLANG_ENABLE_OBJC_ARC = YES;
				CLANG_WARN_BLOCK_CAPTURE_AUTORELEASING = YES;
				CLANG_WARN_BOOL_CONVERSION = YES;
				CLANG_WARN_COMMA = YES;
				CLANG_WARN_CONSTANT_CONVERSION = YES;
				CLANG_WARN_DIRECT_OBJC_ISA_USAGE = YES_ERROR;
				CLANG_WARN_DOCUMENTATION_COMMENTS = YES;
				CLANG_WARN_EMPTY_BODY = YES;
				CLANG_WARN_ENUM_CONVERSION = YES;
				CLANG_WARN_INFINITE_RECURSION = YES;
				CLANG_WARN_INT_CONVERSION = YES;
				CLANG_WARN_NON_LITERAL_NULL_CONVERSION = YES;
				CLANG_WARN_OBJC_LITERAL_CONVERSION = YES;
				CLANG_WARN_OBJC_ROOT_CLASS = YES_ERROR;
				CLANG_WARN_RANGE_LOOP_ANALYSIS = YES;
				CLANG_WARN_STRICT_PROTOTYPES = YES;
				CLANG_WARN_SUSPICIOUS_MOVE = YES;
				CLANG_WARN_UNGUARDED_AVAILABILITY = YES_AGGRESSIVE;
				CLANG_WARN_UNREACHABLE_CODE = YES;
				CLANG_WARN__DUPLICATE_METHOD_MATCH = YES;
				CODE_SIGN_IDENTITY = "iPhone Developer";
				COPY_PHASE_STRIP = NO;
				DEBUG_INFORMATION_FORMAT = "dwarf-with-dsym";
				ENABLE_NS_ASSERTIONS = NO;
				ENABLE_STRICT_OBJC_MSGSEND = YES;
				GCC_C_LANGUAGE_STANDARD = gnu11;
				GCC_NO_COMMON_BLOCKS = YES;
				GCC_WARN_64_TO_32_BIT_CONVERSION = YES;
				GCC_WARN_ABOUT_RETURN_TYPE = YES_ERROR;
				GCC_WARN_UNDECLARED_SELECTOR = YES;
				GCC_WARN_UNINITIALIZED_AUTOS = YES_AGGRESSIVE;
				GCC_WARN_UNUSED_FUNCTION = YES;
				GCC_WARN_UNUSED_VARIABLE = YES;
				IPHONEOS_DEPLOYMENT_TARGET = 11.2;
				MTL_ENABLE_DEBUG_INFO = NO;
				SDKROOT = iphoneos;
				SWIFT_OPTIMIZATION_LEVEL = "-Owholemodule";
				VALIDATE_PRODUCT = YES;
			};
			name = Release;
		};
		4B72DE8120A9EDB40027F576 /* Debug */ = {
			isa = XCBuildConfiguration;
			buildSettings = {
				ASSETCATALOG_COMPILER_APPICON_NAME = AppIcon;
				CODE_SIGN_STYLE = Automatic;
				INFOPLIST_FILE = TestApp/Info.plist;
				LD_RUNPATH_SEARCH_PATHS = "$(inherited) @executable_path/Frameworks";
				PRODUCT_BUNDLE_IDENTIFIER = com.testapp.TestApp;
				PRODUCT_NAME = "$(TARGET_NAME)";
				SWIFT_VERSION = 4.0;
				TARGETED_DEVICE_FAMILY = "1,2";
			};
			name = Debug;
		};
		4B72DE8220A9EDB40027F576 /* Release */ = {
			isa = XCBuildConfiguration;
			buildSettings = {
				ASSETCATALOG_COMPILER_APPICON_NAME = AppIcon;
				CODE_SIGN_STYLE = Automatic;
				INFOPLIST_FILE = TestApp/Info.plist;
				LD_RUNPATH_SEARCH_PATHS = "$(inherited) @executable_path/Frameworks";
				PRODUCT_BUNDLE_IDENTIFIER = com.testapp.TestApp;
				PRODUCT_NAME = "$(TARGET_NAME)";
				SWIFT_VERSION = 4.0;
				TARGETED_DEVICE_FAMILY = "1,2";
			};
			name = Release;
		};
		4B72DE8420A9EDB40027F576 /* Debug */ = {
			isa = XCBuildConfiguration;
			buildSettings = {
				ALWAYS_EMBED_SWIFT_STANDARD_LIBRARIES = YES;
				BUNDLE_LOADER = "$(TEST_HOST)";
				CODE_SIGN_STYLE = Automatic;
				INFOPLIST_FILE = TestAppTests/Info.plist;
				LD_RUNPATH_SEARCH_PATHS = "$(inherited) @executable_path/Frameworks @loader_path/Frameworks";
				PRODUCT_BUNDLE_IDENTIFIER = com.testapp.TestAppTests;
				PRODUCT_NAME = "$(TARGET_NAME)";
				SWIFT_VERSION = 4.0;
				TARGETED_DEVICE_FAMILY = "1,2";
				TEST_HOST = "$(BUILT_PRODUCTS_DIR)/TestApp.app/TestApp";
			};
			name = Debug;
		};
		4B72DE8520A9EDB40027F576 /* Release */ = {
			isa = XCBuildConfiguration;
			buildSettings = {
				ALWAYS_EMBED_SWIFT_STANDARD_LIBRARIES = YES;
				BUNDLE_LOADER = "$(TEST_HOST)";
				CODE_SIGN_STYLE = Automatic;
				INFOPLIST_FILE = TestAppTests/Info.plist;
				LD_RUNPATH_SEARCH_PATHS = "$(inherited) @executable_path/Frameworks @loader_path/Frameworks";
				PRODUCT_BUNDLE_IDENTIFIER = com.testapp.TestAppTests;
				PRODUCT_NAME = "$(TARGET_NAME)";
				SWIFT_VERSION = 4.0;
				TARGETED_DEVICE_FAMILY = "1,2";
				TEST_HOST = "$(BUILT_PRODUCTS_DIR)/TestApp.app/TestApp";
			};
			name = Release;
		};
		4B72DE8720A9EDB40027F576 /* Debug */ = {
			isa = XCBuildConfiguration;
			buildSettings = {
				ALWAYS_EMBED_SWIFT_STANDARD_LIBRARIES = YES;
				CODE_SIGN_STYLE = Automatic;
				INFOPLIST_FILE = TestAppUITests/Info.plist;
				LD_RUNPATH_SEARCH_PATHS = "$(inherited) @executable_path/Frameworks @loader_path/Frameworks";
				PRODUCT_BUNDLE_IDENTIFIER = com.testapp.TestAppUITests;
				PRODUCT_NAME = "$(TARGET_NAME)";
				SWIFT_VERSION = 4.0;
				TARGETED_DEVICE_FAMILY = "1,2";
				TEST_TARGET_NAME = TestApp;
			};
			name = Debug;
		};
		4B72DE8820A9EDB40027F576 /* Release */ = {
			isa = XCBuildConfiguration;
			buildSettings = {
				ALWAYS_EMBED_SWIFT_STANDARD_LIBRARIES = YES;
				CODE_SIGN_STYLE = Automatic;
				INFOPLIST_FILE = TestAppUITests/Info.plist;
				LD_RUNPATH_SEARCH_PATHS = "$(inherited) @executable_path/Frameworks @loader_path/Frameworks";
				PRODUCT_BUNDLE_IDENTIFIER = com.testapp.TestAppUITests;
				PRODUCT_NAME = "$(TARGET_NAME)";
				SWIFT_VERSION = 4.0;
				TARGETED_DEVICE_FAMILY = "1,2";
				TEST_TARGET_NAME = TestApp;
			};
			name = Release;
		};
/* End XCBuildConfiguration section */

/* Begin XCConfigurationList section */
		4B72DE5320A9EDB40027F576 /* Build configuration list for PBXProject "TestApp" */ = {
			isa = XCConfigurationList;
			buildConfigurations = (
				4B72DE7E20A9EDB40027F576 /* Debug */,
				4B72DE7F20A9EDB40027F576 /* Release */,
			);
			defaultConfigurationIsVisible = 0;
			defaultConfigurationName = Release;
		};
		4B72DE8020A9EDB40027F576 /* Build configuration list for PBXNativeTarget "TestApp" */ = {
			isa = XCConfigurationList;
			buildConfigurations = (
				4B72DE8120A9EDB40027F576 /* Debug */,
				4B72DE8220A9EDB40027F576 /* Release */,
			);
			defaultConfigurationIsVisible = 0;
			defaultConfigurationName = Release;
		};
		4B72DE8320A9EDB40027F576 /* Build configuration list for PBXNativeTarget "TestAppTests" */ = {
			isa = XCConfigurationList;
			buildConfigurations = (
				4B72DE8420A9EDB40027F576 /* Debug */,
				4B72DE8520A9EDB40027F576 /* Release */,
			);
			defaultConfigurationIsVisible = 0;
			defaultConfigurationName = Release;
		};
		4B72DE8620A9EDB40027F576 /* Build configuration list for PBXNativeTarget "TestAppUITests" */ = {
			isa = XCConfigurationList;
			buildConfigurations = (
				4B72DE8720A9EDB40027F576 /* Debug */,
				4B72DE8820A9EDB40027F576 /* Release */,
			);
			defaultConfigurationIsVisible = 0;
			defaultConfigurationName = Release;
		};
/* End XCConfigurationList section */
	};
	rootObject = 4B72DE5020A9EDB40027F576 /* Project object */;
}
